
Microsoft Visual Studio Solution File, Format Version 11.00
# Visual Studio 2010
Project("{FAE04EC0-301F-11D3-BF4B-00C04F79EFBC}") = "Assembly-CSharp", "Assembly-CSharp.csproj", "{57FCE53F-781F-2563-8A54-B108D0F5E4DE}"
EndProject
Project("{FAE04EC0-301F-11D3-BF4B-00C04F79EFBC}") = "Assembly-CSharp-Editor", "Assembly-CSharp-Editor.csproj", "{432B6EC6-ABE7-DC1E-3183-E92015A09503}"
EndProject
Global
	GlobalSection(SolutionConfigurationPlatforms) = preSolution
		Debug|Any CPU = Debug|Any CPU
		Release|Any CPU = Release|Any CPU
	EndGlobalSection
	GlobalSection(ProjectConfigurationPlatforms) = postSolution
		{57FCE53F-781F-2563-8A54-B108D0F5E4DE}.Debug|Any CPU.ActiveCfg = Debug|Any CPU
		{57FCE53F-781F-2563-8A54-B108D0F5E4DE}.Debug|Any CPU.Build.0 = Debug|Any CPU
		{57FCE53F-781F-2563-8A54-B108D0F5E4DE}.Release|Any CPU.ActiveCfg = Release|Any CPU
		{57FCE53F-781F-2563-8A54-B108D0F5E4DE}.Release|Any CPU.Build.0 = Release|Any CPU
		{432B6EC6-ABE7-DC1E-3183-E92015A09503}.Debug|Any CPU.ActiveCfg = Debug|Any CPU
		{432B6EC6-ABE7-DC1E-3183-E92015A09503}.Debug|Any CPU.Build.0 = Debug|Any CPU
		{432B6EC6-ABE7-DC1E-3183-E92015A09503}.Release|Any CPU.ActiveCfg = Release|Any CPU
		{432B6EC6-ABE7-DC1E-3183-E92015A09503}.Release|Any CPU.Build.0 = Release|Any CPU
	EndGlobalSection
	GlobalSection(SolutionProperties) = preSolution
		HideSolutionNode = FALSE
	EndGlobalSection
EndGlobal
